// !$*UTF8*$!
{
	archiveVersion = 1;
	classes = {
	};
	objectVersion = 60;
	objects = {

/* Begin PBXBuildFile section */
		3D045A762CAA329F0099413C /* MainTableViewCell.swift in Sources */ = {isa = PBXBuildFile; fileRef = 3D045A742CAA329F0099413C /* MainTableViewCell.swift */; };
		3D045A772CAA329F0099413C /* MainTableViewCell.xib in Resources */ = {isa = PBXBuildFile; fileRef = 3D045A752CAA329F0099413C /* MainTableViewCell.xib */; };
		3D3113322CAE6A900025A5B3 /* WeatherDetailsViewController.swift in Sources */ = {isa = PBXBuildFile; fileRef = 3D3113312CAE6A900025A5B3 /* WeatherDetailsViewController.swift */; };
		3D589D142CB76E6500E1D54E /* WeatherCode.json in Resources */ = {isa = PBXBuildFile; fileRef = 3D589D132CB76E6500E1D54E /* WeatherCode.json */; };
		3D7FA7172D002D2D00FB1526 /* imgsCollectionViewCell.swift in Sources */ = {isa = PBXBuildFile; fileRef = 3D7FA7152D002D2D00FB1526 /* imgsCollectionViewCell.swift */; };
		3D7FA7182D002D2D00FB1526 /* imgsCollectionViewCell.xib in Resources */ = {isa = PBXBuildFile; fileRef = 3D7FA7162D002D2D00FB1526 /* imgsCollectionViewCell.xib */; };
		3D8597B62C92768E005BACE9 /* AppDelegate.swift in Sources */ = {isa = PBXBuildFile; fileRef = 3D8597B52C92768E005BACE9 /* AppDelegate.swift */; };
		3D8597B82C92768E005BACE9 /* SceneDelegate.swift in Sources */ = {isa = PBXBuildFile; fileRef = 3D8597B72C92768E005BACE9 /* SceneDelegate.swift */; };
		3D8597BA2C92768E005BACE9 /* ViewController.swift in Sources */ = {isa = PBXBuildFile; fileRef = 3D8597B92C92768E005BACE9 /* ViewController.swift */; };
		3D8597BD2C92768E005BACE9 /* Base in Resources */ = {isa = PBXBuildFile; fileRef = 3D8597BC2C92768E005BACE9 /* Base */; };
		3D8597BF2C927690005BACE9 /* Assets.xcassets in Resources */ = {isa = PBXBuildFile; fileRef = 3D8597BE2C927690005BACE9 /* Assets.xcassets */; };
		3D8597C22C927690005BACE9 /* Base in Resources */ = {isa = PBXBuildFile; fileRef = 3D8597C12C927690005BACE9 /* Base */; };
		3D8597CA2C92A9A9005BACE9 /* NextViewController.swift in Sources */ = {isa = PBXBuildFile; fileRef = 3D8597C92C92A9A9005BACE9 /* NextViewController.swift */; };
		3D9602592CEEFD8E00D81AD0 /* PickerViewController.swift in Sources */ = {isa = PBXBuildFile; fileRef = 3D9602582CEEFD8E00D81AD0 /* PickerViewController.swift */; };
		3DE034FF2CC0CFD800E93BA4 /* FruitViewController.swift in Sources */ = {isa = PBXBuildFile; fileRef = 3DE034FE2CC0CFD800E93BA4 /* FruitViewController.swift */; };
		3DE035082CC21A0B00E93BA4 /* WeatherTableViewCell.swift in Sources */ = {isa = PBXBuildFile; fileRef = 3DE035062CC21A0B00E93BA4 /* WeatherTableViewCell.swift */; };
		3DE035092CC21A0B00E93BA4 /* WeatherTableViewCell.xib in Resources */ = {isa = PBXBuildFile; fileRef = 3DE035072CC21A0B00E93BA4 /* WeatherTableViewCell.xib */; };
		3DE0354D2CC6227D00E93BA4 /* Fruit-swif.swift in Sources */ = {isa = PBXBuildFile; fileRef = 3DE0354C2CC6227D00E93BA4 /* Fruit-swif.swift */; };
		3DE0354F2CCF5B4A00E93BA4 /* Prefectures.swift in Sources */ = {isa = PBXBuildFile; fileRef = 3DE0354E2CCF5B4A00E93BA4 /* Prefectures.swift */; };
		3DFBEF182CE4496E0004A531 /* TestPageViewController.swift in Sources */ = {isa = PBXBuildFile; fileRef = 3DFBEF172CE4496E0004A531 /* TestPageViewController.swift */; };
		3DFBEF1F2CE477770004A531 /* LongCharactersTableViewCell.swift in Sources */ = {isa = PBXBuildFile; fileRef = 3DFBEF1D2CE477770004A531 /* LongCharactersTableViewCell.swift */; };
		3DFBEF202CE477770004A531 /* LongCharactersTableViewCell.xib in Resources */ = {isa = PBXBuildFile; fileRef = 3DFBEF1E2CE477770004A531 /* LongCharactersTableViewCell.xib */; };
		E4078CE22E6DF5CC422E54D7 /* Pods_SampleCreate.framework in Frameworks */ = {isa = PBXBuildFile; fileRef = 80ECCF29B24964C2C58A6BF5 /* Pods_SampleCreate.framework */; };
/* End PBXBuildFile section */

/* Begin PBXCopyFilesBuildPhase section */
		3D589D122CB639BC00E1D54E /* Embed Frameworks */ = {
			isa = PBXCopyFilesBuildPhase;
			buildActionMask = 2147483647;
			dstPath = "";
			dstSubfolderSpec = 10;
			files = (
			);
			name = "Embed Frameworks";
			runOnlyForDeploymentPostprocessing = 0;
		};
/* End PBXCopyFilesBuildPhase section */

/* Begin PBXFileReference section */
		15195B90F0538994D777A1CB /* Pods-SampleCreate.release.xcconfig */ = {isa = PBXFileReference; includeInIndex = 1; lastKnownFileType = text.xcconfig; name = "Pods-SampleCreate.release.xcconfig"; path = "Target Support Files/Pods-SampleCreate/Pods-SampleCreate.release.xcconfig"; sourceTree = "<group>"; };
		3D045A742CAA329F0099413C /* MainTableViewCell.swift */ = {isa = PBXFileReference; lastKnownFileType = sourcecode.swift; path = MainTableViewCell.swift; sourceTree = "<group>"; };
		3D045A752CAA329F0099413C /* MainTableViewCell.xib */ = {isa = PBXFileReference; lastKnownFileType = file.xib; path = MainTableViewCell.xib; sourceTree = "<group>"; };
		3D3113312CAE6A900025A5B3 /* WeatherDetailsViewController.swift */ = {isa = PBXFileReference; lastKnownFileType = sourcecode.swift; path = WeatherDetailsViewController.swift; sourceTree = "<group>"; };
		3D589D132CB76E6500E1D54E /* WeatherCode.json */ = {isa = PBXFileReference; lastKnownFileType = text.json; path = WeatherCode.json; sourceTree = "<group>"; };
		3D7FA7152D002D2D00FB1526 /* imgsCollectionViewCell.swift */ = {isa = PBXFileReference; lastKnownFileType = sourcecode.swift; path = imgsCollectionViewCell.swift; sourceTree = "<group>"; };
		3D7FA7162D002D2D00FB1526 /* imgsCollectionViewCell.xib */ = {isa = PBXFileReference; lastKnownFileType = file.xib; path = imgsCollectionViewCell.xib; sourceTree = "<group>"; };
		3D8597B22C92768E005BACE9 /* SampleCreate.app */ = {isa = PBXFileReference; explicitFileType = wrapper.application; includeInIndex = 0; path = SampleCreate.app; sourceTree = BUILT_PRODUCTS_DIR; };
		3D8597B52C92768E005BACE9 /* AppDelegate.swift */ = {isa = PBXFileReference; lastKnownFileType = sourcecode.swift; path = AppDelegate.swift; sourceTree = "<group>"; };
		3D8597B72C92768E005BACE9 /* SceneDelegate.swift */ = {isa = PBXFileReference; lastKnownFileType = sourcecode.swift; path = SceneDelegate.swift; sourceTree = "<group>"; };
		3D8597B92C92768E005BACE9 /* ViewController.swift */ = {isa = PBXFileReference; lastKnownFileType = sourcecode.swift; path = ViewController.swift; sourceTree = "<group>"; };
		3D8597BC2C92768E005BACE9 /* Base */ = {isa = PBXFileReference; lastKnownFileType = file.storyboard; name = Base; path = Base.lproj/Main.storyboard; sourceTree = "<group>"; };
		3D8597BE2C927690005BACE9 /* Assets.xcassets */ = {isa = PBXFileReference; lastKnownFileType = folder.assetcatalog; path = Assets.xcassets; sourceTree = "<group>"; };
		3D8597C12C927690005BACE9 /* Base */ = {isa = PBXFileReference; lastKnownFileType = file.storyboard; name = Base; path = Base.lproj/LaunchScreen.storyboard; sourceTree = "<group>"; };
		3D8597C32C927690005BACE9 /* Info.plist */ = {isa = PBXFileReference; lastKnownFileType = text.plist.xml; path = Info.plist; sourceTree = "<group>"; };
		3D8597C92C92A9A9005BACE9 /* NextViewController.swift */ = {isa = PBXFileReference; lastKnownFileType = sourcecode.swift; path = NextViewController.swift; sourceTree = "<group>"; };
		3D9602582CEEFD8E00D81AD0 /* PickerViewController.swift */ = {isa = PBXFileReference; lastKnownFileType = sourcecode.swift; path = PickerViewController.swift; sourceTree = "<group>"; };
		3DE034FE2CC0CFD800E93BA4 /* FruitViewController.swift */ = {isa = PBXFileReference; lastKnownFileType = sourcecode.swift; path = FruitViewController.swift; sourceTree = "<group>"; };
		3DE035062CC21A0B00E93BA4 /* WeatherTableViewCell.swift */ = {isa = PBXFileReference; lastKnownFileType = sourcecode.swift; path = WeatherTableViewCell.swift; sourceTree = "<group>"; };
		3DE035072CC21A0B00E93BA4 /* WeatherTableViewCell.xib */ = {isa = PBXFileReference; lastKnownFileType = file.xib; path = WeatherTableViewCell.xib; sourceTree = "<group>"; };
		3DE0354C2CC6227D00E93BA4 /* Fruit-swif.swift */ = {isa = PBXFileReference; lastKnownFileType = sourcecode.swift; path = "Fruit-swif.swift"; sourceTree = "<group>"; };
		3DE0354E2CCF5B4A00E93BA4 /* Prefectures.swift */ = {isa = PBXFileReference; lastKnownFileType = sourcecode.swift; path = Prefectures.swift; sourceTree = "<group>"; };
		3DFBEF172CE4496E0004A531 /* TestPageViewController.swift */ = {isa = PBXFileReference; lastKnownFileType = sourcecode.swift; path = TestPageViewController.swift; sourceTree = "<group>"; };
		3DFBEF1D2CE477770004A531 /* LongCharactersTableViewCell.swift */ = {isa = PBXFileReference; lastKnownFileType = sourcecode.swift; path = LongCharactersTableViewCell.swift; sourceTree = "<group>"; };
		3DFBEF1E2CE477770004A531 /* LongCharactersTableViewCell.xib */ = {isa = PBXFileReference; lastKnownFileType = file.xib; path = LongCharactersTableViewCell.xib; sourceTree = "<group>"; };
		80ECCF29B24964C2C58A6BF5 /* Pods_SampleCreate.framework */ = {isa = PBXFileReference; explicitFileType = wrapper.framework; includeInIndex = 0; path = Pods_SampleCreate.framework; sourceTree = BUILT_PRODUCTS_DIR; };
		AF9B8DBCD0E3004C28968C9C /* Pods-SampleCreate.debug.xcconfig */ = {isa = PBXFileReference; includeInIndex = 1; lastKnownFileType = text.xcconfig; name = "Pods-SampleCreate.debug.xcconfig"; path = "Target Support Files/Pods-SampleCreate/Pods-SampleCreate.debug.xcconfig"; sourceTree = "<group>"; };
/* End PBXFileReference section */

/* Begin PBXFrameworksBuildPhase section */
		3D8597AF2C92768E005BACE9 /* Frameworks */ = {
			isa = PBXFrameworksBuildPhase;
			buildActionMask = 2147483647;
			files = (
				E4078CE22E6DF5CC422E54D7 /* Pods_SampleCreate.framework in Frameworks */,
			);
			runOnlyForDeploymentPostprocessing = 0;
		};
/* End PBXFrameworksBuildPhase section */

/* Begin PBXGroup section */
		2033642EF4A6A11DDC02EC20 /* Frameworks */ = {
			isa = PBXGroup;
			children = (
				80ECCF29B24964C2C58A6BF5 /* Pods_SampleCreate.framework */,
			);
			name = Frameworks;
			sourceTree = "<group>";
		};
		3D8597A92C92768E005BACE9 = {
			isa = PBXGroup;
			children = (
				3D8597B42C92768E005BACE9 /* SampleCreate */,
				3D8597B32C92768E005BACE9 /* Products */,
				93EC5275768784A6A5DFA142 /* Pods */,
				2033642EF4A6A11DDC02EC20 /* Frameworks */,
			);
			sourceTree = "<group>";
		};
		3D8597B32C92768E005BACE9 /* Products */ = {
			isa = PBXGroup;
			children = (
				3D8597B22C92768E005BACE9 /* SampleCreate.app */,
			);
			name = Products;
			sourceTree = "<group>";
		};
		3D8597B42C92768E005BACE9 /* SampleCreate */ = {
			isa = PBXGroup;
			children = (
				3D8597B52C92768E005BACE9 /* AppDelegate.swift */,
				3D8597B72C92768E005BACE9 /* SceneDelegate.swift */,
				3D8597B92C92768E005BACE9 /* ViewController.swift */,
				3DE0354C2CC6227D00E93BA4 /* Fruit-swif.swift */,
				3DE0354E2CCF5B4A00E93BA4 /* Prefectures.swift */,
				3D8597C92C92A9A9005BACE9 /* NextViewController.swift */,
				3D045A742CAA329F0099413C /* MainTableViewCell.swift */,
				3D045A752CAA329F0099413C /* MainTableViewCell.xib */,
				3D8597BB2C92768E005BACE9 /* Main.storyboard */,
				3DE034FE2CC0CFD800E93BA4 /* FruitViewController.swift */,
				3D3113312CAE6A900025A5B3 /* WeatherDetailsViewController.swift */,
				3D8597BE2C927690005BACE9 /* Assets.xcassets */,
				3D589D132CB76E6500E1D54E /* WeatherCode.json */,
				3D8597C02C927690005BACE9 /* LaunchScreen.storyboard */,
				3D8597C32C927690005BACE9 /* Info.plist */,
				3DE035062CC21A0B00E93BA4 /* WeatherTableViewCell.swift */,
				3DE035072CC21A0B00E93BA4 /* WeatherTableViewCell.xib */,
				3DFBEF172CE4496E0004A531 /* TestPageViewController.swift */,
				3DFBEF1D2CE477770004A531 /* LongCharactersTableViewCell.swift */,
				3DFBEF1E2CE477770004A531 /* LongCharactersTableViewCell.xib */,
				3D9602582CEEFD8E00D81AD0 /* PickerViewController.swift */,
				3D7FA7152D002D2D00FB1526 /* imgsCollectionViewCell.swift */,
				3D7FA7162D002D2D00FB1526 /* imgsCollectionViewCell.xib */,
			);
			path = SampleCreate;
			sourceTree = "<group>";
		};
		93EC5275768784A6A5DFA142 /* Pods */ = {
			isa = PBXGroup;
			children = (
				AF9B8DBCD0E3004C28968C9C /* Pods-SampleCreate.debug.xcconfig */,
				15195B90F0538994D777A1CB /* Pods-SampleCreate.release.xcconfig */,
			);
			path = Pods;
			sourceTree = "<group>";
		};
/* End PBXGroup section */

/* Begin PBXNativeTarget section */
		3D8597B12C92768E005BACE9 /* SampleCreate */ = {
			isa = PBXNativeTarget;
			buildConfigurationList = 3D8597C62C927690005BACE9 /* Build configuration list for PBXNativeTarget "SampleCreate" */;
			buildPhases = (
				6B46CC381CC8A788DC0B1F09 /* [CP] Check Pods Manifest.lock */,
				3D8597AE2C92768E005BACE9 /* Sources */,
				3D8597AF2C92768E005BACE9 /* Frameworks */,
				3D8597B02C92768E005BACE9 /* Resources */,
				3D589D122CB639BC00E1D54E /* Embed Frameworks */,
				76FC3E8E6CE562AF6896899F /* [CP] Embed Pods Frameworks */,
			);
			buildRules = (
			);
			dependencies = (
			);
			name = SampleCreate;
			productName = SampleCreate;
			productReference = 3D8597B22C92768E005BACE9 /* SampleCreate.app */;
			productType = "com.apple.product-type.application";
		};
/* End PBXNativeTarget section */

/* Begin PBXProject section */
		3D8597AA2C92768E005BACE9 /* Project object */ = {
			isa = PBXProject;
			attributes = {
				BuildIndependentTargetsInParallel = 1;
				KnownAssetTags = (
					Next,
				);
				LastSwiftUpdateCheck = 1600;
				LastUpgradeCheck = 1600;
				TargetAttributes = {
					3D8597B12C92768E005BACE9 = {
						CreatedOnToolsVersion = 16.0;
					};
				};
			};
			buildConfigurationList = 3D8597AD2C92768E005BACE9 /* Build configuration list for PBXProject "SampleCreate" */;
			compatibilityVersion = "Xcode 15.0";
			developmentRegion = en;
			hasScannedForEncodings = 0;
			knownRegions = (
				en,
				Base,
			);
			mainGroup = 3D8597A92C92768E005BACE9;
			productRefGroup = 3D8597B32C92768E005BACE9 /* Products */;
			projectDirPath = "";
			projectRoot = "";
			targets = (
				3D8597B12C92768E005BACE9 /* SampleCreate */,
			);
		};
/* End PBXProject section */

/* Begin PBXResourcesBuildPhase section */
		3D8597B02C92768E005BACE9 /* Resources */ = {
			isa = PBXResourcesBuildPhase;
			buildActionMask = 2147483647;
			files = (
				3D8597BF2C927690005BACE9 /* Assets.xcassets in Resources */,
				3DFBEF202CE477770004A531 /* LongCharactersTableViewCell.xib in Resources */,
				3D7FA7182D002D2D00FB1526 /* imgsCollectionViewCell.xib in Resources */,
				3D8597C22C927690005BACE9 /* Base in Resources */,
				3D045A772CAA329F0099413C /* MainTableViewCell.xib in Resources */,
				3D8597BD2C92768E005BACE9 /* Base in Resources */,
				3D589D142CB76E6500E1D54E /* WeatherCode.json in Resources */,
				3DE035092CC21A0B00E93BA4 /* WeatherTableViewCell.xib in Resources */,
			);
			runOnlyForDeploymentPostprocessing = 0;
		};
/* End PBXResourcesBuildPhase section */

/* Begin PBXShellScriptBuildPhase section */
		6B46CC381CC8A788DC0B1F09 /* [CP] Check Pods Manifest.lock */ = {
			isa = PBXShellScriptBuildPhase;
			buildActionMask = 2147483647;
			files = (
			);
			inputFileListPaths = (
			);
			inputPaths = (
				"${PODS_PODFILE_DIR_PATH}/Podfile.lock",
				"${PODS_ROOT}/Manifest.lock",
			);
			name = "[CP] Check Pods Manifest.lock";
			outputFileListPaths = (
			);
			outputPaths = (
				"$(DERIVED_FILE_DIR)/Pods-SampleCreate-checkManifestLockResult.txt",
			);
			runOnlyForDeploymentPostprocessing = 0;
			shellPath = /bin/sh;
			shellScript = "diff \"${PODS_PODFILE_DIR_PATH}/Podfile.lock\" \"${PODS_ROOT}/Manifest.lock\" > /dev/null\nif [ $? != 0 ] ; then\n    # print error to STDERR\n    echo \"error: The sandbox is not in sync with the Podfile.lock. Run 'pod install' or update your CocoaPods installation.\" >&2\n    exit 1\nfi\n# This output is used by Xcode 'outputs' to avoid re-running this script phase.\necho \"SUCCESS\" > \"${SCRIPT_OUTPUT_FILE_0}\"\n";
			showEnvVarsInLog = 0;
		};
		76FC3E8E6CE562AF6896899F /* [CP] Embed Pods Frameworks */ = {
			isa = PBXShellScriptBuildPhase;
			buildActionMask = 2147483647;
			files = (
			);
			inputFileListPaths = (
				"${PODS_ROOT}/Target Support Files/Pods-SampleCreate/Pods-SampleCreate-frameworks-${CONFIGURATION}-input-files.xcfilelist",
			);
			name = "[CP] Embed Pods Frameworks";
			outputFileListPaths = (
				"${PODS_ROOT}/Target Support Files/Pods-SampleCreate/Pods-SampleCreate-frameworks-${CONFIGURATION}-output-files.xcfilelist",
			);
			runOnlyForDeploymentPostprocessing = 0;
			shellPath = /bin/sh;
			shellScript = "\"${PODS_ROOT}/Target Support Files/Pods-SampleCreate/Pods-SampleCreate-frameworks.sh\"\n";
			showEnvVarsInLog = 0;
		};
/* End PBXShellScriptBuildPhase section */

/* Begin PBXSourcesBuildPhase section */
		3D8597AE2C92768E005BACE9 /* Sources */ = {
			isa = PBXSourcesBuildPhase;
			buildActionMask = 2147483647;
			files = (
				3D8597BA2C92768E005BACE9 /* ViewController.swift in Sources */,
				3D8597CA2C92A9A9005BACE9 /* NextViewController.swift in Sources */,
				3DFBEF182CE4496E0004A531 /* TestPageViewController.swift in Sources */,
				3D3113322CAE6A900025A5B3 /* WeatherDetailsViewController.swift in Sources */,
				3D7FA7172D002D2D00FB1526 /* imgsCollectionViewCell.swift in Sources */,
				3DE0354D2CC6227D00E93BA4 /* Fruit-swif.swift in Sources */,
				3DE0354F2CCF5B4A00E93BA4 /* Prefectures.swift in Sources */,
				3D8597B62C92768E005BACE9 /* AppDelegate.swift in Sources */,
				3DE034FF2CC0CFD800E93BA4 /* FruitViewController.swift in Sources */,
				3DE035082CC21A0B00E93BA4 /* WeatherTableViewCell.swift in Sources */,
				3D8597B82C92768E005BACE9 /* SceneDelegate.swift in Sources */,
				3DFBEF1F2CE477770004A531 /* LongCharactersTableViewCell.swift in Sources */,
				3D9602592CEEFD8E00D81AD0 /* PickerViewController.swift in Sources */,
				3D045A762CAA329F0099413C /* MainTableViewCell.swift in Sources */,
			);
			runOnlyForDeploymentPostprocessing = 0;
		};
/* End PBXSourcesBuildPhase section */

/* Begin PBXVariantGroup section */
		3D8597BB2C92768E005BACE9 /* Main.storyboard */ = {
			isa = PBXVariantGroup;
			children = (
				3D8597BC2C92768E005BACE9 /* Base */,
			);
			name = Main.storyboard;
			sourceTree = "<group>";
		};
		3D8597C02C927690005BACE9 /* LaunchScreen.storyboard */ = {
			isa = PBXVariantGroup;
			children = (
				3D8597C12C927690005BACE9 /* Base */,
			);
			name = LaunchScreen.storyboard;
			sourceTree = "<group>";
		};
/* End PBXVariantGroup section */

/* Begin XCBuildConfiguration section */
		3D8597C42C927690005BACE9 /* Debug */ = {
			isa = XCBuildConfiguration;
			buildSettings = {
				ALWAYS_SEARCH_USER_PATHS = NO;
				ASSETCATALOG_COMPILER_GENERATE_SWIFT_ASSET_SYMBOL_EXTENSIONS = YES;
				CLANG_ANALYZER_NONNULL = YES;
				CLANG_ANALYZER_NUMBER_OBJECT_CONVERSION = YES_AGGRESSIVE;
				CLANG_CXX_LANGUAGE_STANDARD = "gnu++20";
				CLANG_ENABLE_MODULES = YES;
				CLANG_ENABLE_OBJC_ARC = YES;
				CLANG_ENABLE_OBJC_WEAK = YES;
				CLANG_WARN_BLOCK_CAPTURE_AUTORELEASING = YES;
				CLANG_WARN_BOOL_CONVERSION = YES;
				CLANG_WARN_COMMA = YES;
				CLANG_WARN_CONSTANT_CONVERSION = YES;
				CLANG_WARN_DEPRECATED_OBJC_IMPLEMENTATIONS = YES;
				CLANG_WARN_DIRECT_OBJC_ISA_USAGE = YES_ERROR;
				CLANG_WARN_DOCUMENTATION_COMMENTS = YES;
				CLANG_WARN_EMPTY_BODY = YES;
				CLANG_WARN_ENUM_CONVERSION = YES;
				CLANG_WARN_INFINITE_RECURSION = YES;
				CLANG_WARN_INT_CONVERSION = YES;
				CLANG_WARN_NON_LITERAL_NULL_CONVERSION = YES;
				CLANG_WARN_OBJC_IMPLICIT_RETAIN_SELF = YES;
				CLANG_WARN_OBJC_LITERAL_CONVERSION = YES;
				CLANG_WARN_OBJC_ROOT_CLASS = YES_ERROR;
				CLANG_WARN_QUOTED_INCLUDE_IN_FRAMEWORK_HEADER = YES;
				CLANG_WARN_RANGE_LOOP_ANALYSIS = YES;
				CLANG_WARN_STRICT_PROTOTYPES = YES;
				CLANG_WARN_SUSPICIOUS_MOVE = YES;
				CLANG_WARN_UNGUARDED_AVAILABILITY = YES_AGGRESSIVE;
				CLANG_WARN_UNREACHABLE_CODE = YES;
				CLANG_WARN__DUPLICATE_METHOD_MATCH = YES;
				COPY_PHASE_STRIP = NO;
				DEBUG_INFORMATION_FORMAT = dwarf;
				ENABLE_STRICT_OBJC_MSGSEND = YES;
				ENABLE_TESTABILITY = YES;
				ENABLE_USER_SCRIPT_SANDBOXING = NO;
				GCC_C_LANGUAGE_STANDARD = gnu17;
				GCC_DYNAMIC_NO_PIC = NO;
				GCC_NO_COMMON_BLOCKS = YES;
				GCC_OPTIMIZATION_LEVEL = 0;
				GCC_PREPROCESSOR_DEFINITIONS = (
					"DEBUG=1",
					"$(inherited)",
				);
				GCC_WARN_64_TO_32_BIT_CONVERSION = YES;
				GCC_WARN_ABOUT_RETURN_TYPE = YES_ERROR;
				GCC_WARN_UNDECLARED_SELECTOR = YES;
				GCC_WARN_UNINITIALIZED_AUTOS = YES_AGGRESSIVE;
				GCC_WARN_UNUSED_FUNCTION = YES;
				GCC_WARN_UNUSED_VARIABLE = YES;
				IPHONEOS_DEPLOYMENT_TARGET = 18.0;
				LOCALIZATION_PREFERS_STRING_CATALOGS = YES;
				MTL_ENABLE_DEBUG_INFO = INCLUDE_SOURCE;
				MTL_FAST_MATH = YES;
				ONLY_ACTIVE_ARCH = YES;
				SDKROOT = iphoneos;
				SWIFT_ACTIVE_COMPILATION_CONDITIONS = "DEBUG $(inherited)";
				SWIFT_OPTIMIZATION_LEVEL = "-Onone";
			};
			name = Debug;
		};
		3D8597C52C927690005BACE9 /* Release */ = {
			isa = XCBuildConfiguration;
			buildSettings = {
				ALWAYS_SEARCH_USER_PATHS = NO;
				ASSETCATALOG_COMPILER_GENERATE_SWIFT_ASSET_SYMBOL_EXTENSIONS = YES;
				CLANG_ANALYZER_NONNULL = YES;
				CLANG_ANALYZER_NUMBER_OBJECT_CONVERSION = YES_AGGRESSIVE;
				CLANG_CXX_LANGUAGE_STANDARD = "gnu++20";
				CLANG_ENABLE_MODULES = YES;
				CLANG_ENABLE_OBJC_ARC = YES;
				CLANG_ENABLE_OBJC_WEAK = YES;
				CLANG_WARN_BLOCK_CAPTURE_AUTORELEASING = YES;
				CLANG_WARN_BOOL_CONVERSION = YES;
				CLANG_WARN_COMMA = YES;
				CLANG_WARN_CONSTANT_CONVERSION = YES;
				CLANG_WARN_DEPRECATED_OBJC_IMPLEMENTATIONS = YES;
				CLANG_WARN_DIRECT_OBJC_ISA_USAGE = YES_ERROR;
				CLANG_WARN_DOCUMENTATION_COMMENTS = YES;
				CLANG_WARN_EMPTY_BODY = YES;
				CLANG_WARN_ENUM_CONVERSION = YES;
				CLANG_WARN_INFINITE_RECURSION = YES;
				CLANG_WARN_INT_CONVERSION = YES;
				CLANG_WARN_NON_LITERAL_NULL_CONVERSION = YES;
				CLANG_WARN_OBJC_IMPLICIT_RETAIN_SELF = YES;
				CLANG_WARN_OBJC_LITERAL_CONVERSION = YES;
				CLANG_WARN_OBJC_ROOT_CLASS = YES_ERROR;
				CLANG_WARN_QUOTED_INCLUDE_IN_FRAMEWORK_HEADER = YES;
				CLANG_WARN_RANGE_LOOP_ANALYSIS = YES;
				CLANG_WARN_STRICT_PROTOTYPES = YES;
				CLANG_WARN_SUSPICIOUS_MOVE = YES;
				CLANG_WARN_UNGUARDED_AVAILABILITY = YES_AGGRESSIVE;
				CLANG_WARN_UNREACHABLE_CODE = YES;
				CLANG_WARN__DUPLICATE_METHOD_MATCH = YES;
				COPY_PHASE_STRIP = NO;
				DEBUG_INFORMATION_FORMAT = "dwarf-with-dsym";
				ENABLE_NS_ASSERTIONS = NO;
				ENABLE_STRICT_OBJC_MSGSEND = YES;
				ENABLE_USER_SCRIPT_SANDBOXING = NO;
				GCC_C_LANGUAGE_STANDARD = gnu17;
				GCC_NO_COMMON_BLOCKS = YES;
				GCC_WARN_64_TO_32_BIT_CONVERSION = YES;
				GCC_WARN_ABOUT_RETURN_TYPE = YES_ERROR;
				GCC_WARN_UNDECLARED_SELECTOR = YES;
				GCC_WARN_UNINITIALIZED_AUTOS = YES_AGGRESSIVE;
				GCC_WARN_UNUSED_FUNCTION = YES;
				GCC_WARN_UNUSED_VARIABLE = YES;
				IPHONEOS_DEPLOYMENT_TARGET = 18.0;
				LOCALIZATION_PREFERS_STRING_CATALOGS = YES;
				MTL_ENABLE_DEBUG_INFO = NO;
				MTL_FAST_MATH = YES;
				SDKROOT = iphoneos;
				SWIFT_COMPILATION_MODE = wholemodule;
				VALIDATE_PRODUCT = YES;
			};
			name = Release;
		};
		3D8597C72C927690005BACE9 /* Debug */ = {
			isa = XCBuildConfiguration;
			baseConfigurationReference = AF9B8DBCD0E3004C28968C9C /* Pods-SampleCreate.debug.xcconfig */;
			buildSettings = {
				ASSETCATALOG_COMPILER_APPICON_NAME = AppIcon;
				ASSETCATALOG_COMPILER_GLOBAL_ACCENT_COLOR_NAME = AccentColor;
				CODE_SIGN_STYLE = Automatic;
				CURRENT_PROJECT_VERSION = 1;
				DEVELOPMENT_TEAM = GXW86S3PNV;
				GENERATE_INFOPLIST_FILE = YES;
				INFOPLIST_FILE = SampleCreate/Info.plist;
				INFOPLIST_KEY_UIApplicationSupportsIndirectInputEvents = YES;
				INFOPLIST_KEY_UILaunchStoryboardName = LaunchScreen;
				INFOPLIST_KEY_UIMainStoryboardFile = Main;
				INFOPLIST_KEY_UISupportedInterfaceOrientations_iPad = "UIInterfaceOrientationPortrait UIInterfaceOrientationPortraitUpsideDown UIInterfaceOrientationLandscapeLeft UIInterfaceOrientationLandscapeRight";
				INFOPLIST_KEY_UISupportedInterfaceOrientations_iPhone = "UIInterfaceOrientationPortrait UIInterfaceOrientationLandscapeLeft UIInterfaceOrientationLandscapeRight";
				LD_RUNPATH_SEARCH_PATHS = (
					"$(inherited)",
					"@executable_path/Frameworks",
				);
				MARKETING_VERSION = 1.0;
				PRODUCT_BUNDLE_IDENTIFIER = com.alphatc.sample.SampleCreate;
				PRODUCT_NAME = "$(TARGET_NAME)";
				SWIFT_EMIT_LOC_STRINGS = YES;
				SWIFT_VERSION = 5.0;
				TARGETED_DEVICE_FAMILY = "1,2";
			};
			name = Debug;
		};
		3D8597C82C927690005BACE9 /* Release */ = {
			isa = XCBuildConfiguration;
			baseConfigurationReference = 15195B90F0538994D777A1CB /* Pods-SampleCreate.release.xcconfig */;
			buildSettings = {
				ASSETCATALOG_COMPILER_APPICON_NAME = AppIcon;
				ASSETCATALOG_COMPILER_GLOBAL_ACCENT_COLOR_NAME = AccentColor;
				CODE_SIGN_STYLE = Automatic;
				CURRENT_PROJECT_VERSION = 1;
				DEVELOPMENT_TEAM = GXW86S3PNV;
				GENERATE_INFOPLIST_FILE = YES;
				INFOPLIST_FILE = SampleCreate/Info.plist;
				INFOPLIST_KEY_UIApplicationSupportsIndirectInputEvents = YES;
				INFOPLIST_KEY_UILaunchStoryboardName = LaunchScreen;
				INFOPLIST_KEY_UIMainStoryboardFile = Main;
				INFOPLIST_KEY_UISupportedInterfaceOrientations_iPad = "UIInterfaceOrientationPortrait UIInterfaceOrientationPortraitUpsideDown UIInterfaceOrientationLandscapeLeft UIInterfaceOrientationLandscapeRight";
				INFOPLIST_KEY_UISupportedInterfaceOrientations_iPhone = "UIInterfaceOrientationPortrait UIInterfaceOrientationLandscapeLeft UIInterfaceOrientationLandscapeRight";
				LD_RUNPATH_SEARCH_PATHS = (
					"$(inherited)",
					"@executable_path/Frameworks",
				);
				MARKETING_VERSION = 1.0;
				PRODUCT_BUNDLE_IDENTIFIER = com.alphatc.sample.SampleCreate;
				PRODUCT_NAME = "$(TARGET_NAME)";
				SWIFT_EMIT_LOC_STRINGS = YES;
				SWIFT_VERSION = 5.0;
				TARGETED_DEVICE_FAMILY = "1,2";
			};
			name = Release;
		};
/* End XCBuildConfiguration section */

/* Begin XCConfigurationList section */
		3D8597AD2C92768E005BACE9 /* Build configuration list for PBXProject "SampleCreate" */ = {
			isa = XCConfigurationList;
			buildConfigurations = (
				3D8597C42C927690005BACE9 /* Debug */,
				3D8597C52C927690005BACE9 /* Release */,
			);
			defaultConfigurationIsVisible = 0;
			defaultConfigurationName = Release;
		};
		3D8597C62C927690005BACE9 /* Build configuration list for PBXNativeTarget "SampleCreate" */ = {
			isa = XCConfigurationList;
			buildConfigurations = (
				3D8597C72C927690005BACE9 /* Debug */,
				3D8597C82C927690005BACE9 /* Release */,
			);
			defaultConfigurationIsVisible = 0;
			defaultConfigurationName = Release;
		};
/* End XCConfigurationList section */
	};
	rootObject = 3D8597AA2C92768E005BACE9 /* Project object */;
}
